# This file is automatically @generated by Poetry 1.6.1 and should not be changed by hand.

[[package]]
name = "colorama"
version = "0.4.6"
description = "Cross-platform colored terminal text."
optional = false
python-versions = "!=3.0.*,!=3.1.*,!=3.2.*,!=3.3.*,!=3.4.*,!=3.5.*,!=3.6.*,>=2.7"
files = [
    {file = "colorama-0.4.6-py2.py3-none-any.whl", hash = "sha256:4f1d9991f5acc0ca119f9d443620b77f9d6b33703e51011c16baf57afb285fc6"},
    {file = "colorama-0.4.6.tar.gz", hash = "sha256:08695f5cb7ed6e0531a20572697297273c47b8cae5a63ffc6d6ed5c201be6e44"},
]

[[package]]
name = "datetime"
version = "5.2"
description = "This package provides a DateTime data type, as known from Zope. Unless you need to communicate with Zope APIs, you're probably better off using Python's built-in datetime module."
optional = false
python-versions = ">=3.7"
files = [
    {file = "DateTime-5.2-py3-none-any.whl", hash = "sha256:25250fb36f7184dad805faaf3f012e0b36f353cd97518e8f232babef5c53596e"},
    {file = "DateTime-5.2.tar.gz", hash = "sha256:63194d2184de10e0b41e76596ba6538bd1d89db6f7b3c182789c75b0ac5c6697"},
]

[package.dependencies]
pytz = "*"
"zope.interface" = "*"

[[package]]
name = "faker"
version = "19.6.2"
description = "Faker is a Python package that generates fake data for you."
optional = false
python-versions = ">=3.8"
files = [
    {file = "Faker-19.6.2-py3-none-any.whl", hash = "sha256:8fba91068dc26e3159c1ac9f22444a2338704b0991d86605322e454bda420092"},
    {file = "Faker-19.6.2.tar.gz", hash = "sha256:d5d5953556b0fb428a46019e03fc2d40eab2980135ddef5a9eb3d054947fdf83"},
]

[package.dependencies]
python-dateutil = ">=2.4"

[[package]]
name = "pathlib"
version = "1.0.1"
description = "Object-oriented filesystem paths"
optional = false
python-versions = "*"
files = [
    {file = "pathlib-1.0.1-py3-none-any.whl", hash = "sha256:f35f95ab8b0f59e6d354090350b44a80a80635d22efdedfa84c7ad1cf0a74147"},
    {file = "pathlib-1.0.1.tar.gz", hash = "sha256:6940718dfc3eff4258203ad5021090933e5c04707d5ca8cc9e73c94a7894ea9f"},
]

[[package]]
name = "prompt-toolkit"
version = "3.0.39"
description = "Library for building powerful interactive command lines in Python"
optional = false
python-versions = ">=3.7.0"
files = [
    {file = "prompt_toolkit-3.0.39-py3-none-any.whl", hash = "sha256:9dffbe1d8acf91e3de75f3b544e4842382fc06c6babe903ac9acb74dc6e08d88"},
    {file = "prompt_toolkit-3.0.39.tar.gz", hash = "sha256:04505ade687dc26dc4284b1ad19a83be2f2afe83e7a828ace0c72f3a1df72aac"},
]

[package.dependencies]
wcwidth = "*"

[[package]]
name = "pygame"
version = "2.5.2"
description = "Python Game Development"
optional = false
python-versions = ">=3.6"
files = [
    {file = "pygame-2.5.2-cp310-cp310-macosx_10_9_x86_64.whl", hash = "sha256:a0769eb628c818761755eb0a0ca8216b95270ea8cbcbc82227e39ac9644643da"},
    {file = "pygame-2.5.2-cp310-cp310-macosx_11_0_arm64.whl", hash = "sha256:ed9a3d98adafa0805ccbaaff5d2996a2b5795381285d8437a4a5d248dbd12b4a"},
    {file = "pygame-2.5.2-cp310-cp310-manylinux_2_17_aarch64.manylinux2014_aarch64.whl", hash = "sha256:f30d1618672a55e8c6669281ba264464b3ab563158e40d89e8c8b3faa0febebd"},
    {file = "pygame-2.5.2-cp310-cp310-manylinux_2_17_i686.manylinux2014_i686.whl", hash = "sha256:39690e9be9baf58b7359d1f3b2336e1fd6f92fedbbce42987be5df27f8d30718"},
    {file = "pygame-2.5.2-cp310-cp310-manylinux_2_17_x86_64.manylinux2014_x86_64.whl", hash = "sha256:03879ec299c9f4ba23901b2649a96b2143f0a5d787f0b6c39469989e2320caf1"},
    {file = "pygame-2.5.2-cp310-cp310-win32.whl", hash = "sha256:74e1d6284100e294f445832e6f6343be4fe4748decc4f8a51131ae197dae8584"},
    {file = "pygame-2.5.2-cp310-cp310-win_amd64.whl", hash = "sha256:485239c7d32265fd35b76ae8f64f34b0637ae11e69d76de15710c4b9edcc7c8d"},
    {file = "pygame-2.5.2-cp311-cp311-macosx_10_9_x86_64.whl", hash = "sha256:34646ca20e163dc6f6cf8170f1e12a2e41726780112594ac061fa448cf7ccd75"},
    {file = "pygame-2.5.2-cp311-cp311-macosx_11_0_arm64.whl", hash = "sha256:3b8a6e351665ed26ea791f0e1fd649d3f483e8681892caef9d471f488f9ea5ee"},
    {file = "pygame-2.5.2-cp311-cp311-manylinux_2_17_aarch64.manylinux2014_aarch64.whl", hash = "sha256:dc346965847aef00013fa2364f41a64f068cd096dcc7778fc306ca3735f0eedf"},
    {file = "pygame-2.5.2-cp311-cp311-manylinux_2_17_i686.manylinux2014_i686.whl", hash = "sha256:35632035fd81261f2d797fa810ea8c46111bd78ceb6089d52b61ed7dc3c5d05f"},
    {file = "pygame-2.5.2-cp311-cp311-manylinux_2_17_x86_64.manylinux2014_x86_64.whl", hash = "sha256:0e24d05184e4195fe5ebcdce8b18ecb086f00182b9ae460a86682d312ce8d31f"},
    {file = "pygame-2.5.2-cp311-cp311-win32.whl", hash = "sha256:f02c1c7505af18d426d355ac9872bd5c916b27f7b0fe224749930662bea47a50"},
    {file = "pygame-2.5.2-cp311-cp311-win_amd64.whl", hash = "sha256:6d58c8cf937815d3b7cdc0fa9590c5129cb2c9658b72d00e8a4568dea2ff1d42"},
    {file = "pygame-2.5.2-cp312-cp312-macosx_10_9_x86_64.whl", hash = "sha256:1a2a43802bb5e89ce2b3b775744e78db4f9a201bf8d059b946c61722840ceea8"},
    {file = "pygame-2.5.2-cp312-cp312-macosx_11_0_arm64.whl", hash = "sha256:1c289f2613c44fe70a1e40769de4a49c5ab5a29b9376f1692bb1a15c9c1c9bfa"},
    {file = "pygame-2.5.2-cp312-cp312-manylinux_2_17_aarch64.manylinux2014_aarch64.whl", hash = "sha256:074aa6c6e110c925f7f27f00c7733c6303407edc61d738882985091d1eb2ef17"},
    {file = "pygame-2.5.2-cp312-cp312-manylinux_2_17_i686.manylinux2014_i686.whl", hash = "sha256:fe0228501ec616779a0b9c4299e837877783e18df294dd690b9ab0eed3d8aaab"},
    {file = "pygame-2.5.2-cp312-cp312-manylinux_2_17_x86_64.manylinux2014_x86_64.whl", hash = "sha256:31648d38ecdc2335ffc0e38fb18a84b3339730521505dac68514f83a1092e3f4"},
    {file = "pygame-2.5.2-cp312-cp312-win32.whl", hash = "sha256:224c308856334bc792f696e9278e50d099a87c116f7fc314cd6aa3ff99d21592"},
    {file = "pygame-2.5.2-cp312-cp312-win_amd64.whl", hash = "sha256:dd2d2650faf54f9a0f5bd0db8409f79609319725f8f08af6507a0609deadcad4"},
    {file = "pygame-2.5.2-cp36-cp36m-macosx_10_9_x86_64.whl", hash = "sha256:9b30bc1220c457169571aac998e54b013aaeb732d2fd8744966cb1cfab1f61d1"},
    {file = "pygame-2.5.2-cp36-cp36m-manylinux_2_17_aarch64.manylinux2014_aarch64.whl", hash = "sha256:78fcd7643358b886a44127ff7dec9041c056c212b3a98977674f83f99e9b12d3"},
    {file = "pygame-2.5.2-cp36-cp36m-manylinux_2_17_i686.manylinux2014_i686.whl", hash = "sha256:35cf093a51cb294ede56c29d4acf41538c00f297fcf78a9b186fb7d23c0577b6"},
    {file = "pygame-2.5.2-cp36-cp36m-manylinux_2_17_x86_64.manylinux2014_x86_64.whl", hash = "sha256:6fe323acbf53a0195c8c98b1b941eba7ac24e3e2b28ae48e8cda566f15fc4945"},
    {file = "pygame-2.5.2-cp36-cp36m-win32.whl", hash = "sha256:5697528266b4716d9cdd44a5a1d210f4d86ef801d0f64ca5da5d0816704009d9"},
    {file = "pygame-2.5.2-cp36-cp36m-win_amd64.whl", hash = "sha256:edda1f7cff4806a4fa39e0e8ccd75f38d1d340fa5fc52d8582ade87aca247d92"},
    {file = "pygame-2.5.2-cp37-cp37m-macosx_10_9_x86_64.whl", hash = "sha256:9bd738fd4ecc224769d0b4a719f96900a86578e26e0105193658a32966df2aae"},
    {file = "pygame-2.5.2-cp37-cp37m-manylinux_2_17_aarch64.manylinux2014_aarch64.whl", hash = "sha256:30a8d7cf12363b4140bf2f93b5eec4028376ca1d0fe4b550588f836279485308"},
    {file = "pygame-2.5.2-cp37-cp37m-manylinux_2_17_i686.manylinux2014_i686.whl", hash = "sha256:bc12e4dea3e88ea8a553de6d56a37b704dbe2aed95105889f6afeb4b96e62097"},
    {file = "pygame-2.5.2-cp37-cp37m-manylinux_2_17_x86_64.manylinux2014_x86_64.whl", hash = "sha256:2b34c73cb328024f8db3cb6487a37e54000148988275d8d6e5adf99d9323c937"},
    {file = "pygame-2.5.2-cp37-cp37m-win32.whl", hash = "sha256:7d0a2794649defa57ef50b096a99f7113d3d0c2e32d1426cafa7d618eadce4c7"},
    {file = "pygame-2.5.2-cp37-cp37m-win_amd64.whl", hash = "sha256:41f8779f52e0f6e6e6ccb8f0b5536e432bf386ee29c721a1c22cada7767b0cef"},
    {file = "pygame-2.5.2-cp38-cp38-macosx_10_9_x86_64.whl", hash = "sha256:677e37bc0ea7afd89dde5a88ced4458aa8656159c70a576eea68b5622ee1997b"},
    {file = "pygame-2.5.2-cp38-cp38-macosx_11_0_arm64.whl", hash = "sha256:47a8415d2bd60e6909823b5643a1d4ef5cc29417d817f2a214b255f6fa3a1e4c"},
    {file = "pygame-2.5.2-cp38-cp38-manylinux_2_17_aarch64.manylinux2014_aarch64.whl", hash = "sha256:4ff21201df6278b8ca2e948fb148ffe88f5481fd03760f381dd61e45954c7dff"},
    {file = "pygame-2.5.2-cp38-cp38-manylinux_2_17_i686.manylinux2014_i686.whl", hash = "sha256:d29a84b2e02814b9ba925357fd2e1df78efe5e1aa64dc3051eaed95d2b96eafd"},
    {file = "pygame-2.5.2-cp38-cp38-manylinux_2_17_x86_64.manylinux2014_x86_64.whl", hash = "sha256:d78485c4d21133d6b2fbb504cd544ca655e50b6eb551d2995b3aa6035928adda"},
    {file = "pygame-2.5.2-cp38-cp38-win32.whl", hash = "sha256:d851247239548aa357c4a6840fb67adc2d570ce7cb56988d036a723d26b48bff"},
    {file = "pygame-2.5.2-cp38-cp38-win_amd64.whl", hash = "sha256:88d1cdacc2d3471eceab98bf0c93c14d3a8461f93e58e3d926f20d4de3a75554"},
    {file = "pygame-2.5.2-cp39-cp39-macosx_10_9_x86_64.whl", hash = "sha256:4f1559e7efe4efb9dc19d2d811d702f325d9605f9f6f9ececa39ee6890c798f5"},
    {file = "pygame-2.5.2-cp39-cp39-macosx_11_0_arm64.whl", hash = "sha256:cf2191b756ceb0e8458a761d0c665b0c70b538570449e0d39b75a5ba94ac5cf0"},
    {file = "pygame-2.5.2-cp39-cp39-manylinux_2_17_aarch64.manylinux2014_aarch64.whl", hash = "sha256:6cf2257447ce7f2d6de37e5fb019d2bbe32ed05a5721ace8bc78c2d9beaf3aee"},
    {file = "pygame-2.5.2-cp39-cp39-manylinux_2_17_i686.manylinux2014_i686.whl", hash = "sha256:d75cbbfaba2b81434d62631d0b08b85fab16cf4a36e40b80298d3868927e1299"},
    {file = "pygame-2.5.2-cp39-cp39-manylinux_2_17_x86_64.manylinux2014_x86_64.whl", hash = "sha256:daca456d5b9f52e088e06a127dec182b3638a775684fb2260f25d664351cf1ae"},
    {file = "pygame-2.5.2-cp39-cp39-win32.whl", hash = "sha256:3b3e619e33d11c297d7a57a82db40681f9c2c3ae1d5bf06003520b4fe30c435d"},
    {file = "pygame-2.5.2-cp39-cp39-win_amd64.whl", hash = "sha256:1822d534bb7fe756804647b6da2c9ea5d7a62d8796b2e15d172d3be085de28c6"},
    {file = "pygame-2.5.2-pp36-pypy36_pp73-win32.whl", hash = "sha256:e708fc8f709a0fe1d1876489345f2e443d47f3976d33455e2e1e937f972f8677"},
    {file = "pygame-2.5.2-pp37-pypy37_pp73-manylinux_2_17_i686.manylinux2014_i686.whl", hash = "sha256:c13edebc43c240fb0532969e914f0ccefff5ae7e50b0b788d08ad2c15ef793e4"},
    {file = "pygame-2.5.2-pp37-pypy37_pp73-manylinux_2_17_x86_64.manylinux2014_x86_64.whl", hash = "sha256:263b4a7cbfc9fe2055abc21b0251cc17dea6dff750f0e1c598919ff350cdbffe"},
    {file = "pygame-2.5.2-pp38-pypy38_pp73-macosx_10_9_x86_64.whl", hash = "sha256:e58e2b0c791041e4bccafa5bd7650623ba1592b8fe62ae0a276b7d0ecb314b6c"},
    {file = "pygame-2.5.2-pp38-pypy38_pp73-manylinux_2_17_i686.manylinux2014_i686.whl", hash = "sha256:a0bd67426c02ffe6c9827fc4bcbda9442fbc451d29b17c83a3c088c56fef2c90"},
    {file = "pygame-2.5.2-pp38-pypy38_pp73-manylinux_2_17_x86_64.manylinux2014_x86_64.whl", hash = "sha256:9dcff6cbba1584cf7732ce1dbdd044406cd4f6e296d13bcb7fba963fb4aeefc9"},
    {file = "pygame-2.5.2-pp39-pypy39_pp73-macosx_10_9_x86_64.whl", hash = "sha256:ce4b6c0bfe44d00bb0998a6517bd0cf9455f642f30f91bc671ad41c05bf6f6ae"},
    {file = "pygame-2.5.2-pp39-pypy39_pp73-manylinux_2_17_i686.manylinux2014_i686.whl", hash = "sha256:68c4e8e60b725ffc7a6c6ecd9bb5fcc5ed2d6e0e2a2c4a29a8454856ef16ad63"},
    {file = "pygame-2.5.2-pp39-pypy39_pp73-manylinux_2_17_x86_64.manylinux2014_x86_64.whl", hash = "sha256:1f3849f97372a3381c66955f99a0d58485ccd513c3d00c030b869094ce6997a6"},
    {file = "pygame-2.5.2.tar.gz", hash = "sha256:c1b89eb5d539e7ac5cf75513125fb5f2f0a2d918b1fd6e981f23bf0ac1b1c24a"},
]

[[package]]
name = "python-dateutil"
version = "2.8.2"
description = "Extensions to the standard Python datetime module"
optional = false
python-versions = "!=3.0.*,!=3.1.*,!=3.2.*,>=2.7"
files = [
    {file = "python-dateutil-2.8.2.tar.gz", hash = "sha256:0123cacc1627ae19ddf3c27a5de5bd67ee4586fbdd6440d9748f8abb483d3e86"},
    {file = "python_dateutil-2.8.2-py2.py3-none-any.whl", hash = "sha256:961d03dc3453ebbc59dbdea9e4e11c5651520a876d0f4db161e8674aae935da9"},
]

[package.dependencies]
six = ">=1.5"

[[package]]
name = "pytz"
version = "2023.3.post1"
description = "World timezone definitions, modern and historical"
optional = false
python-versions = "*"
files = [
    {file = "pytz-2023.3.post1-py2.py3-none-any.whl", hash = "sha256:ce42d816b81b68506614c11e8937d3aa9e41007ceb50bfdcb0749b921bf646c7"},
    {file = "pytz-2023.3.post1.tar.gz", hash = "sha256:7b4fddbeb94a1eba4b557da24f19fdf9db575192544270a9101d8509f9f43d7b"},
]

[[package]]
name = "setuptools"
version = "68.2.2"
description = "Easily download, build, install, upgrade, and uninstall Python packages"
optional = false
python-versions = ">=3.8"
files = [
    {file = "setuptools-68.2.2-py3-none-any.whl", hash = "sha256:b454a35605876da60632df1a60f736524eb73cc47bbc9f3f1ef1b644de74fd2a"},
    {file = "setuptools-68.2.2.tar.gz", hash = "sha256:4ac1475276d2f1c48684874089fefcd83bd7162ddaafb81fac866ba0db282a87"},
]

[package.extras]
docs = ["furo", "jaraco.packaging (>=9.3)", "jaraco.tidelift (>=1.4)", "pygments-github-lexers (==0.0.5)", "rst.linker (>=1.9)", "sphinx (>=3.5)", "sphinx-favicon", "sphinx-hoverxref (<2)", "sphinx-inline-tabs", "sphinx-lint", "sphinx-notfound-page (>=1,<2)", "sphinx-reredirects", "sphinxcontrib-towncrier"]
testing = ["build[virtualenv]", "filelock (>=3.4.0)", "flake8-2020", "ini2toml[lite] (>=0.9)", "jaraco.develop (>=7.21)", "jaraco.envs (>=2.2)", "jaraco.path (>=3.2.0)", "pip (>=19.1)", "pytest (>=6)", "pytest-black (>=0.3.7)", "pytest-checkdocs (>=2.4)", "pytest-cov", "pytest-enabler (>=2.2)", "pytest-mypy (>=0.9.1)", "pytest-perf", "pytest-ruff", "pytest-timeout", "pytest-xdist", "tomli-w (>=1.0.0)", "virtualenv (>=13.0.0)", "wheel"]
testing-integration = ["build[virtualenv] (>=1.0.3)", "filelock (>=3.4.0)", "jaraco.envs (>=2.2)", "jaraco.path (>=3.2.0)", "packaging (>=23.1)", "pytest", "pytest-enabler", "pytest-xdist", "tomli", "virtualenv (>=13.0.0)", "wheel"]

[[package]]
name = "six"
version = "1.16.0"
description = "Python 2 and 3 compatibility utilities"
optional = false
python-versions = ">=2.7, !=3.0.*, !=3.1.*, !=3.2.*"
files = [
    {file = "six-1.16.0-py2.py3-none-any.whl", hash = "sha256:8abb2f1d86890a2dfb989f9a77cfcfd3e47c2a354b01111771326f8aa26e0254"},
    {file = "six-1.16.0.tar.gz", hash = "sha256:1e61c37477a1626458e36f7b1d82aa5c9b094fa4802892072e49de9c60c4c926"},
]

[[package]]
name = "wcwidth"
version = "0.2.7"
description = "Measures the displayed width of unicode strings in a terminal"
optional = false
python-versions = "*"
files = [
    {file = "wcwidth-0.2.7-py2.py3-none-any.whl", hash = "sha256:fabf3e32999d9b0dab7d19d845149f326f04fe29bac67709ee071dbd92640a36"},
    {file = "wcwidth-0.2.7.tar.gz", hash = "sha256:1b6d30a98ddd5ce9bbdb33658191fd2423fc9da203fe3ef1855407dcb7ee4e26"},
]

[[package]]
name = "zope-interface"
version = "6.0"
description = "Interfaces for Python"
optional = false
python-versions = ">=3.7"
files = [
    {file = "zope.interface-6.0-cp310-cp310-macosx_10_9_x86_64.whl", hash = "sha256:f299c020c6679cb389814a3b81200fe55d428012c5e76da7e722491f5d205990"},
    {file = "zope.interface-6.0-cp310-cp310-macosx_11_0_arm64.whl", hash = "sha256:ee4b43f35f5dc15e1fec55ccb53c130adb1d11e8ad8263d68b1284b66a04190d"},
    {file = "zope.interface-6.0-cp310-cp310-manylinux_2_17_aarch64.manylinux2014_aarch64.whl", hash = "sha256:5a158846d0fca0a908c1afb281ddba88744d403f2550dc34405c3691769cdd85"},
    {file = "zope.interface-6.0-cp310-cp310-manylinux_2_5_i686.manylinux1_i686.manylinux_2_17_i686.manylinux2014_i686.whl", hash = "sha256:f72f23bab1848edb7472309e9898603141644faec9fd57a823ea6b4d1c4c8995"},
    {file = "zope.interface-6.0-cp310-cp310-manylinux_2_5_x86_64.manylinux1_x86_64.manylinux_2_17_x86_64.manylinux2014_x86_64.whl", hash = "sha256:48f4d38cf4b462e75fac78b6f11ad47b06b1c568eb59896db5b6ec1094eb467f"},
    {file = "zope.interface-6.0-cp310-cp310-win_amd64.whl", hash = "sha256:87b690bbee9876163210fd3f500ee59f5803e4a6607d1b1238833b8885ebd410"},
    {file = "zope.interface-6.0-cp311-cp311-macosx_10_9_x86_64.whl", hash = "sha256:f2363e5fd81afb650085c6686f2ee3706975c54f331b426800b53531191fdf28"},
    {file = "zope.interface-6.0-cp311-cp311-macosx_11_0_arm64.whl", hash = "sha256:af169ba897692e9cd984a81cb0f02e46dacdc07d6cf9fd5c91e81f8efaf93d52"},
    {file = "zope.interface-6.0-cp311-cp311-manylinux_2_17_aarch64.manylinux2014_aarch64.whl", hash = "sha256:fa90bac61c9dc3e1a563e5babb3fd2c0c1c80567e815442ddbe561eadc803b30"},
    {file = "zope.interface-6.0-cp311-cp311-manylinux_2_5_i686.manylinux1_i686.manylinux_2_17_i686.manylinux2014_i686.whl", hash = "sha256:89086c9d3490a0f265a3c4b794037a84541ff5ffa28bb9c24cc9f66566968464"},
    {file = "zope.interface-6.0-cp311-cp311-manylinux_2_5_x86_64.manylinux1_x86_64.manylinux_2_17_x86_64.manylinux2014_x86_64.whl", hash = "sha256:809fe3bf1a91393abc7e92d607976bbb8586512913a79f2bf7d7ec15bd8ea518"},
    {file = "zope.interface-6.0-cp311-cp311-win_amd64.whl", hash = "sha256:0ec9653825f837fbddc4e4b603d90269b501486c11800d7c761eee7ce46d1bbb"},
    {file = "zope.interface-6.0-cp37-cp37m-macosx_10_15_x86_64.whl", hash = "sha256:790c1d9d8f9c92819c31ea660cd43c3d5451df1df61e2e814a6f99cebb292788"},
    {file = "zope.interface-6.0-cp37-cp37m-manylinux_2_17_aarch64.manylinux2014_aarch64.whl", hash = "sha256:b39b8711578dcfd45fc0140993403b8a81e879ec25d53189f3faa1f006087dca"},
    {file = "zope.interface-6.0-cp37-cp37m-manylinux_2_5_i686.manylinux1_i686.manylinux_2_17_i686.manylinux2014_i686.whl", hash = "sha256:eba51599370c87088d8882ab74f637de0c4f04a6d08a312dce49368ba9ed5c2a"},
    {file = "zope.interface-6.0-cp37-cp37m-manylinux_2_5_x86_64.manylinux1_x86_64.manylinux_2_17_x86_64.manylinux2014_x86_64.whl", hash = "sha256:6ee934f023f875ec2cfd2b05a937bd817efcc6c4c3f55c5778cbf78e58362ddc"},
    {file = "zope.interface-6.0-cp37-cp37m-win_amd64.whl", hash = "sha256:042f2381118b093714081fd82c98e3b189b68db38ee7d35b63c327c470ef8373"},
    {file = "zope.interface-6.0-cp38-cp38-macosx_10_9_x86_64.whl", hash = "sha256:dfbbbf0809a3606046a41f8561c3eada9db811be94138f42d9135a5c47e75f6f"},
    {file = "zope.interface-6.0-cp38-cp38-macosx_11_0_arm64.whl", hash = "sha256:424d23b97fa1542d7be882eae0c0fc3d6827784105264a8169a26ce16db260d8"},
    {file = "zope.interface-6.0-cp38-cp38-manylinux_2_17_aarch64.manylinux2014_aarch64.whl", hash = "sha256:e538f2d4a6ffb6edfb303ce70ae7e88629ac6e5581870e66c306d9ad7b564a58"},
    {file = "zope.interface-6.0-cp38-cp38-manylinux_2_5_i686.manylinux1_i686.manylinux_2_17_i686.manylinux2014_i686.whl", hash = "sha256:12175ca6b4db7621aedd7c30aa7cfa0a2d65ea3a0105393e05482d7a2d367446"},
    {file = "zope.interface-6.0-cp38-cp38-manylinux_2_5_x86_64.manylinux1_x86_64.manylinux_2_17_x86_64.manylinux2014_x86_64.whl", hash = "sha256:4c3d7dfd897a588ec27e391edbe3dd320a03684457470415870254e714126b1f"},
    {file = "zope.interface-6.0-cp38-cp38-win_amd64.whl", hash = "sha256:b3f543ae9d3408549a9900720f18c0194ac0fe810cecda2a584fd4dca2eb3bb8"},
    {file = "zope.interface-6.0-cp39-cp39-macosx_10_9_x86_64.whl", hash = "sha256:d0583b75f2e70ec93f100931660328965bb9ff65ae54695fb3fa0a1255daa6f2"},
    {file = "zope.interface-6.0-cp39-cp39-macosx_11_0_arm64.whl", hash = "sha256:23ac41d52fd15dd8be77e3257bc51bbb82469cf7f5e9a30b75e903e21439d16c"},
    {file = "zope.interface-6.0-cp39-cp39-manylinux_2_17_aarch64.manylinux2014_aarch64.whl", hash = "sha256:99856d6c98a326abbcc2363827e16bd6044f70f2ef42f453c0bd5440c4ce24e5"},
    {file = "zope.interface-6.0-cp39-cp39-manylinux_2_5_i686.manylinux1_i686.manylinux_2_17_i686.manylinux2014_i686.whl", hash = "sha256:1592f68ae11e557b9ff2bc96ac8fc30b187e77c45a3c9cd876e3368c53dc5ba8"},
    {file = "zope.interface-6.0-cp39-cp39-manylinux_2_5_x86_64.manylinux1_x86_64.manylinux_2_17_x86_64.manylinux2014_x86_64.whl", hash = "sha256:4407b1435572e3e1610797c9203ad2753666c62883b921318c5403fb7139dec2"},
    {file = "zope.interface-6.0-cp39-cp39-win_amd64.whl", hash = "sha256:5171eb073474a5038321409a630904fd61f12dd1856dd7e9d19cd6fe092cbbc5"},
    {file = "zope.interface-6.0.tar.gz", hash = "sha256:aab584725afd10c710b8f1e6e208dbee2d0ad009f57d674cb9d1b3964037275d"},
]

[package.dependencies]
setuptools = "*"

[package.extras]
docs = ["Sphinx", "repoze.sphinx.autointerface"]
test = ["coverage (>=5.0.3)", "zope.event", "zope.testing"]
testing = ["coverage (>=5.0.3)", "zope.event", "zope.testing"]

[metadata]
lock-version = "2.0"
python-versions = "3.11.5"
content-hash = "427a1c46b1b3023db8b7c3fe6226f18497ebab1fc95f6151c1f1e2bbf9e1e182"
